
Microsoft Visual Studio Solution File, Format Version 12.00
# Visual Studio Version 17
VisualStudioVersion = 17.11.35312.102
MinimumVisualStudioVersion = 10.0.40219.1
Project("{FAE04EC0-301F-11D3-BF4B-00C04F79EFBC}") = "ConsoleApp1", "ConsoleApp1\ConsoleApp1.csproj", "{45453D97-E0E8-48D8-A567-AB5AE83DCB8C}"
EndProject
Global
	GlobalSection(SolutionConfigurationPlatforms) = preSolution
		Debug|Any CPU = Debug|Any CPU
		Release|Any CPU = Release|Any CPU
	EndGlobalSection
	GlobalSection(ProjectConfigurationPlatforms) = postSolution
		{45453D97-E0E8-48D8-A567-AB5AE83DCB8C}.Debug|Any CPU.ActiveCfg = Debug|Any CPU
		{45453D97-E0E8-48D8-A567-AB5AE83DCB8C}.Debug|Any CPU.Build.0 = Debug|Any CPU
		{45453D97-E0E8-48D8-A567-AB5AE83DCB8C}.Release|Any CPU.ActiveCfg = Release|Any CPU
		{45453D97-E0E8-48D8-A567-AB5AE83DCB8C}.Release|Any CPU.Build.0 = Release|Any CPU
	EndGlobalSection
	GlobalSection(SolutionProperties) = preSolution
		HideSolutionNode = FALSE
	EndGlobalSection
	GlobalSection(ExtensibilityGlobals) = postSolution
		SolutionGuid = {522A193E-8A26-4550-ABE8-96881B9C8123}
	EndGlobalSection
EndGlobal
